<Solution>
  <Folder Name="/src/">
    <Project Path="src/DeviceManagerBE/DeviceManagerBE.csproj" />
    <Project Path="src/DeviceManagerBE.Application/DeviceManagerBE.Application.csproj" />
    <Project Path="src/DeviceManagerBE.Contracts/DeviceManagerBE.Contracts.csproj" />
    <Project Path="src/DeviceManagerBE.Domain/DeviceManagerBE.Domain.csproj" />
    <Project Path="src/DeviceManagerBE.Infrastructure/DeviceManagerBE.Infrastructure.csproj" />
    <Project Path="src/DeviceManagerFE.Application/DeviceManagerFE.Application.csproj" />
    <Project Path="src/DeviceManagerFE.Contracts/DeviceManagerFE.Contracts.csproj" />
    <Project Path="src/DeviceManagerFE.Domain/DeviceManagerFE.Domain.csproj" />
    <Project Path="src/DeviceManagerFE.Infrastructure/DeviceManagerFE.Infrastructure.csproj" />
    <Project Path="src/DeviceManagerFE/DeviceManagerFE.csproj" />
  </Folder>
</Solution>
